{
  "version": 4,
  "terraform_version": "0.12.6",
  "serial": 595,
  "lineage": "6f19c3f8-e916-c319-5562-8c22a84da6c4",
  "outputs": {
    "elb_hostname": {
      "value": "app-lb-1051207277.eu-west-1.elb.amazonaws.com",
      "type": "string"
    }
  },
  "resources": [
    {
      "mode": "data",
      "type": "aws_iam_policy_document",
      "name": "app-ecs-instance-role-assume-policy",
      "provider": "provider.aws",
      "instances": [
        {
          "schema_version": 0,
          "attributes": {
            "id": "1903849331",
            "json": "{\n  \"Version\": \"2012-10-17\",\n  \"Statement\": [\n    {\n      \"Sid\": \"\",\n      \"Effect\": \"Allow\",\n      \"Action\": \"sts:AssumeRole\",\n      \"Principal\": {\n        \"Service\": \"ec2.amazonaws.com\"\n      }\n    }\n  ]\n}",
            "override_json": null,
            "policy_id": null,
            "source_json": null,
            "statement": [
              {
                "actions": [
                  "sts:AssumeRole"
                ],
                "condition": [],
                "effect": "Allow",
                "not_actions": [],
                "not_principals": [],
                "not_resources": [],
                "principals": [
                  {
                    "identifiers": [
                      "ec2.amazonaws.com"
                    ],
                    "type": "Service"
                  }
                ],
                "resources": [],
                "sid": ""
              }
            ],
            "version": "2012-10-17"
          }
        }
      ]
    },
    {
      "mode": "data",
      "type": "aws_iam_policy_document",
      "name": "app-ecs-service-assume-role-policy",
      "provider": "provider.aws",
      "instances": [
        {
          "schema_version": 0,
          "attributes": {
            "id": "3622649364",
            "json": "{\n  \"Version\": \"2012-10-17\",\n  \"Statement\": [\n    {\n      \"Sid\": \"\",\n      \"Effect\": \"Allow\",\n      \"Action\": \"sts:AssumeRole\",\n      \"Principal\": {\n        \"Service\": \"ecs.amazonaws.com\"\n      }\n    }\n  ]\n}",
            "override_json": null,
            "policy_id": null,
            "source_json": null,
            "statement": [
              {
                "actions": [
                  "sts:AssumeRole"
                ],
                "condition": [],
                "effect": "Allow",
                "not_actions": [],
                "not_principals": [],
                "not_resources": [],
                "principals": [
                  {
                    "identifiers": [
                      "ecs.amazonaws.com"
                    ],
                    "type": "Service"
                  }
                ],
                "resources": [],
                "sid": ""
              }
            ],
            "version": "2012-10-17"
          }
        }
      ]
    },
    {
      "mode": "data",
      "type": "aws_iam_policy_document",
      "name": "app-ecs-task-assume-role-policy",
      "provider": "provider.aws",
      "instances": [
        {
          "schema_version": 0,
          "attributes": {
            "id": "320642683",
            "json": "{\n  \"Version\": \"2012-10-17\",\n  \"Statement\": [\n    {\n      \"Sid\": \"\",\n      \"Effect\": \"Allow\",\n      \"Action\": \"sts:AssumeRole\",\n      \"Principal\": {\n        \"Service\": \"ecs-tasks.amazonaws.com\"\n      }\n    }\n  ]\n}",
            "override_json": null,
            "policy_id": null,
            "source_json": null,
            "statement": [
              {
                "actions": [
                  "sts:AssumeRole"
                ],
                "condition": [],
                "effect": "Allow",
                "not_actions": [],
                "not_principals": [],
                "not_resources": [],
                "principals": [
                  {
                    "identifiers": [
                      "ecs-tasks.amazonaws.com"
                    ],
                    "type": "Service"
                  }
                ],
                "resources": [],
                "sid": ""
              }
            ],
            "version": "2012-10-17"
          }
        }
      ]
    },
    {
      "mode": "data",
      "type": "aws_iam_policy_document",
      "name": "ecs-task-role-policy",
      "provider": "provider.aws",
      "instances": [
        {
          "schema_version": 0,
          "attributes": {
            "id": "3228841632",
            "json": "{\n  \"Version\": \"2012-10-17\",\n  \"Statement\": [\n    {\n      \"Sid\": \"\",\n      \"Effect\": \"Allow\",\n      \"Action\": \"s3:*\",\n      \"Resource\": \"*\"\n    }\n  ]\n}",
            "override_json": null,
            "policy_id": null,
            "source_json": null,
            "statement": [
              {
                "actions": [
                  "s3:*"
                ],
                "condition": [],
                "effect": "Allow",
                "not_actions": [],
                "not_principals": [],
                "not_resources": [],
                "principals": [],
                "resources": [
                  "*"
                ],
                "sid": ""
              }
            ],
            "version": "2012-10-17"
          }
        }
      ]
    },
    {
      "mode": "data",
      "type": "aws_iam_policy_document",
      "name": "lb-logs-bucket",
      "provider": "provider.aws",
      "instances": [
        {
          "schema_version": 0,
          "attributes": {
            "id": "3734838868",
            "json": "{\n  \"Version\": \"2012-10-17\",\n  \"Statement\": [\n    {\n      \"Sid\": \"\",\n      \"Effect\": \"Allow\",\n      \"Action\": \"s3:PutObject\",\n      \"Resource\": \"arn:aws:s3:::hello-app-lb-logs/*/AWSLogs/161526710706/*\",\n      \"Principal\": {\n        \"AWS\": \"arn:aws:iam::156460612806:root\"\n      }\n    }\n  ]\n}",
            "override_json": null,
            "policy_id": null,
            "source_json": null,
            "statement": [
              {
                "actions": [
                  "s3:PutObject"
                ],
                "condition": [],
                "effect": "Allow",
                "not_actions": [],
                "not_principals": [],
                "not_resources": [],
                "principals": [
                  {
                    "identifiers": [
                      "arn:aws:iam::156460612806:root"
                    ],
                    "type": "AWS"
                  }
                ],
                "resources": [
                  "arn:aws:s3:::hello-app-lb-logs/*/AWSLogs/161526710706/*"
                ],
                "sid": ""
              }
            ],
            "version": "2012-10-17"
          }
        }
      ]
    },
    {
      "mode": "data",
      "type": "aws_ssm_parameter",
      "name": "amazon-linux-ecs-ami",
      "provider": "provider.aws",
      "instances": [
        {
          "schema_version": 0,
          "attributes": {
            "arn": "arn:aws:ssm:eu-west-1:161526710706:parameter/aws/service/ecs/optimized-ami/amazon-linux-2/recommended/image_id",
            "id": "/aws/service/ecs/optimized-ami/amazon-linux-2/recommended/image_id",
            "name": "/aws/service/ecs/optimized-ami/amazon-linux-2/recommended/image_id",
            "type": "String",
            "value": "ami-01de9443606bda731",
            "version": 25,
            "with_decryption": true
          }
        }
      ]
    },
    {
      "mode": "data",
      "type": "template_file",
      "name": "task_definition",
      "provider": "provider.template",
      "instances": [
        {
          "schema_version": 0,
          "attributes": {
            "filename": null,
            "id": "d277eb212327d6155fb33b821c603510a76a41e7aac41c4920b1d43a2bd2f551",
            "rendered": "[\n  {\n    \"image\": \"161526710706.dkr.ecr.eu-west-1.amazonaws.com/app:latest\",\n    \"name\": \"app\",\n    \"cpu\": 128,\n    \"memory\": 128,\n    \"essential\": true,\n    \"portMappings\": [\n      {\n        \"containerPort\": 8000,\n        \"hostPort\": 0,\n        \"protocol\": \"tcp\"\n      }\n    ],\n    \"logConfiguration\": {\n        \"logDriver\": \"awslogs\",\n        \"options\": {\n            \"awslogs-group\": \"/ecs/app\",\n            \"awslogs-region\": \"eu-west-1\",\n            \"awslogs-stream-prefix\": \"ecs\"\n        }\n    },\n    \"environment\" : [\n        { \"name\" : \"DATABASE_URI\", \"value\" : \"postgresql://postgres:pKw6mUpR7N6jbNsZ3AQVNnCe@db01.cigp7jiza6in.eu-west-1.rds.amazonaws.com:5432/postgres\" }\n    ],\n    \"mountPoints\": []\n  }\n]\n",
            "template": "[\n  {\n    \"image\": \"${image_url}\",\n    \"name\": \"${container_name}\",\n    \"cpu\": 128,\n    \"memory\": 128,\n    \"essential\": true,\n    \"portMappings\": [\n      {\n        \"containerPort\": 8000,\n        \"hostPort\": 0,\n        \"protocol\": \"tcp\"\n      }\n    ],\n    \"logConfiguration\": {\n        \"logDriver\": \"awslogs\",\n        \"options\": {\n            \"awslogs-group\": \"${log_group_name}\",\n            \"awslogs-region\": \"${log_group_region}\",\n            \"awslogs-stream-prefix\": \"ecs\"\n        }\n    },\n    \"environment\" : [\n        { \"name\" : \"DATABASE_URI\", \"value\" : \"${database_uri}\" }\n    ],\n    \"mountPoints\": []\n  }\n]\n",
            "vars": {
              "container_name": "app",
              "database_uri": "postgresql://postgres:pKw6mUpR7N6jbNsZ3AQVNnCe@db01.cigp7jiza6in.eu-west-1.rds.amazonaws.com:5432/postgres",
              "image_url": "161526710706.dkr.ecr.eu-west-1.amazonaws.com/app:latest",
              "log_group_name": "/ecs/app",
              "log_group_region": "eu-west-1"
            }
          },
          "depends_on": [
            "aws_cloudwatch_log_group.app",
            "aws_db_instance.db01"
          ]
        }
      ]
    },
    {
      "mode": "data",
      "type": "template_file",
      "name": "user_data",
      "provider": "provider.template",
      "instances": [
        {
          "schema_version": 0,
          "attributes": {
            "filename": null,
            "id": "28634e436be2fd742ff6b784f0fbaba22d35c8b388f762c774c8c80c5e9e314c",
            "rendered": "#!/bin/bash\n\n# ECS config\n{\n  echo \"ECS_CLUSTER=app\"\n  echo \"ECS_ENABLE_TASK_IAM_ROLE=true\"\n} \u003e\u003e /etc/ecs/ecs.config\n\necho \"Done\"\n",
            "template": "#!/bin/bash\n\n# ECS config\n{\n  echo \"ECS_CLUSTER=${cluster_name}\"\n  echo \"ECS_ENABLE_TASK_IAM_ROLE=true\"\n} \u003e\u003e /etc/ecs/ecs.config\n\necho \"Done\"\n",
            "vars": {
              "cluster_name": "app"
            }
          },
          "depends_on": [
            "aws_ecs_cluster.app"
          ]
        }
      ]
    },
    {
      "mode": "managed",
      "type": "aws_cloudwatch_log_group",
      "name": "app",
      "provider": "provider.aws",
      "instances": [
        {
          "schema_version": 0,
          "attributes": {
            "arn": "arn:aws:logs:eu-west-1:161526710706:log-group:/ecs/app:*",
            "id": "/ecs/app",
            "kms_key_id": "",
            "name": "/ecs/app",
            "name_prefix": null,
            "retention_in_days": 1,
            "tags": null
          },
          "private": "bnVsbA=="
        }
      ]
    },
    {
      "mode": "managed",
      "type": "aws_db_instance",
      "name": "db01",
      "provider": "provider.aws",
      "instances": [
        {
          "schema_version": 0,
          "attributes": {
            "address": "db01.cigp7jiza6in.eu-west-1.rds.amazonaws.com",
            "allocated_storage": 10,
            "allow_major_version_upgrade": false,
            "apply_immediately": true,
            "arn": "arn:aws:rds:eu-west-1:161526710706:db:db01",
            "auto_minor_version_upgrade": false,
            "availability_zone": "eu-west-1c",
            "backup_retention_period": 0,
            "backup_window": "04:10-04:40",
            "ca_cert_identifier": "rds-ca-2019",
            "character_set_name": null,
            "copy_tags_to_snapshot": false,
            "db_subnet_group_name": "default-db-subnet-group",
            "deletion_protection": false,
            "domain": "",
            "domain_iam_role_name": "",
            "enabled_cloudwatch_logs_exports": null,
            "endpoint": "db01.cigp7jiza6in.eu-west-1.rds.amazonaws.com:5432",
            "engine": "postgres",
            "engine_version": "11.5",
            "final_snapshot_identifier": null,
            "hosted_zone_id": "Z29XKXDKYMONMX",
            "iam_database_authentication_enabled": false,
            "id": "db01",
            "identifier": "db01",
            "identifier_prefix": null,
            "instance_class": "db.t3.micro",
            "iops": 0,
            "kms_key_id": "",
            "license_model": "postgresql-license",
            "maintenance_window": "sun:02:00-sun:04:00",
            "max_allocated_storage": 0,
            "monitoring_interval": 0,
            "monitoring_role_arn": "",
            "multi_az": false,
            "name": "",
            "option_group_name": "default:postgres-11",
            "parameter_group_name": "default.postgres11",
            "password": "pKw6mUpR7N6jbNsZ3AQVNnCe",
            "performance_insights_enabled": false,
            "performance_insights_kms_key_id": "",
            "performance_insights_retention_period": 0,
            "port": 5432,
            "publicly_accessible": false,
            "replicas": [],
            "replicate_source_db": "",
            "resource_id": "db-EB6JXA4SQYXDPJQTW6SBD7ZBME",
            "s3_import": [],
            "security_group_names": null,
            "skip_final_snapshot": true,
            "snapshot_identifier": null,
            "status": "available",
            "storage_encrypted": false,
            "storage_type": "gp2",
            "tags": {
              "Name": "db01",
              "environment": "dev"
            },
            "timeouts": null,
            "timezone": "",
            "username": "postgres",
            "vpc_security_group_ids": [
              "sg-0c95a4b5679d81c8d"
            ]
          },
          "private": "eyJlMmJmYjczMC1lY2FhLTExZTYtOGY4OC0zNDM2M2JjN2M0YzAiOnsiY3JlYXRlIjoyNDAwMDAwMDAwMDAwLCJkZWxldGUiOjI0MDAwMDAwMDAwMDAsInVwZGF0ZSI6NDgwMDAwMDAwMDAwMH19",
          "depends_on": [
            "aws_db_subnet_group.default",
            "aws_security_group.rds"
          ]
        }
      ]
    },
    {
      "mode": "managed",
      "type": "aws_db_subnet_group",
      "name": "default",
      "provider": "provider.aws",
      "instances": [
        {
          "schema_version": 0,
          "attributes": {
            "arn": "arn:aws:rds:eu-west-1:161526710706:subgrp:default-db-subnet-group",
            "description": "default db subnet group",
            "id": "default-db-subnet-group",
            "name": "default-db-subnet-group",
            "name_prefix": null,
            "subnet_ids": [
              "subnet-00b0e6716b02ea46b",
              "subnet-0820f5d58333a7cc7",
              "subnet-0fa248a4c9dda1f19"
            ],
            "tags": {
              "Name": "default",
              "env": "dev"
            }
          },
          "private": "bnVsbA==",
          "depends_on": [
            "aws_subnet.data-a",
            "aws_subnet.data-b",
            "aws_subnet.data-c"
          ]
        }
      ]
    },
    {
      "mode": "managed",
      "type": "aws_ecr_repository",
      "name": "app",
      "provider": "provider.aws",
      "instances": [
        {
          "schema_version": 0,
          "attributes": {
            "arn": "arn:aws:ecr:eu-west-1:161526710706:repository/app",
            "id": "app",
            "image_tag_mutability": "MUTABLE",
            "name": "app",
            "registry_id": "161526710706",
            "repository_url": "161526710706.dkr.ecr.eu-west-1.amazonaws.com/app",
            "tags": {
              "Name": "app",
              "environment": "dev"
            },
            "timeouts": null
          },
          "private": "eyJlMmJmYjczMC1lY2FhLTExZTYtOGY4OC0zNDM2M2JjN2M0YzAiOnsiZGVsZXRlIjoxMjAwMDAwMDAwMDAwfX0="
        }
      ]
    },
    {
      "mode": "managed",
      "type": "aws_ecs_cluster",
      "name": "app",
      "provider": "provider.aws",
      "instances": [
        {
          "schema_version": 0,
          "attributes": {
            "arn": "arn:aws:ecs:eu-west-1:161526710706:cluster/app",
            "id": "arn:aws:ecs:eu-west-1:161526710706:cluster/app",
            "name": "app",
            "tags": {
              "Name": "app",
              "environment": "dev"
            }
          },
          "private": "bnVsbA=="
        }
      ]
    },
    {
      "mode": "managed",
      "type": "aws_ecs_service",
      "name": "app",
      "provider": "provider.aws",
      "instances": [
        {
          "schema_version": 0,
          "attributes": {
            "cluster": "arn:aws:ecs:eu-west-1:161526710706:cluster/app",
            "deployment_controller": [
              {
                "type": "ECS"
              }
            ],
            "deployment_maximum_percent": 200,
            "deployment_minimum_healthy_percent": 100,
            "desired_count": 2,
            "enable_ecs_managed_tags": false,
            "health_check_grace_period_seconds": 5,
            "iam_role": "arn:aws:iam::161526710706:role/ecs-service-role",
            "id": "arn:aws:ecs:eu-west-1:161526710706:service/app",
            "launch_type": "EC2",
            "load_balancer": [
              {
                "container_name": "app",
                "container_port": 8000,
                "elb_name": "",
                "target_group_arn": "arn:aws:elasticloadbalancing:eu-west-1:161526710706:targetgroup/app-lb-tg-85/01586f9a2e86ad01"
              }
            ],
            "name": "app",
            "network_configuration": [],
            "ordered_placement_strategy": [
              {
                "field": "cpu",
                "type": "binpack"
              }
            ],
            "placement_constraints": [],
            "placement_strategy": [],
            "platform_version": "",
            "propagate_tags": "NONE",
            "scheduling_strategy": "REPLICA",
            "service_registries": [],
            "tags": null,
            "task_definition": "arn:aws:ecs:eu-west-1:161526710706:task-definition/app:55"
          },
          "private": "bnVsbA==",
          "depends_on": [
            "aws_ecs_cluster.app",
            "aws_ecs_task_definition.app",
            "aws_iam_role.ecs-service-role",
            "aws_lb_listener.app-lb-lnr",
            "aws_lb_target_group.app-lb-tg"
          ]
        }
      ]
    },
    {
      "mode": "managed",
      "type": "aws_ecs_task_definition",
      "name": "app",
      "provider": "provider.aws",
      "instances": [
        {
          "schema_version": 1,
          "attributes": {
            "arn": "arn:aws:ecs:eu-west-1:161526710706:task-definition/app:55",
            "container_definitions": "[{\"cpu\":128,\"environment\":[{\"name\":\"DATABASE_URI\",\"value\":\"postgresql://postgres:pKw6mUpR7N6jbNsZ3AQVNnCe@db01.cigp7jiza6in.eu-west-1.rds.amazonaws.com:5432/postgres\"}],\"essential\":true,\"image\":\"161526710706.dkr.ecr.eu-west-1.amazonaws.com/app:latest\",\"logConfiguration\":{\"logDriver\":\"awslogs\",\"options\":{\"awslogs-group\":\"/ecs/app\",\"awslogs-region\":\"eu-west-1\",\"awslogs-stream-prefix\":\"ecs\"}},\"memory\":128,\"mountPoints\":[],\"name\":\"app\",\"portMappings\":[{\"containerPort\":8000,\"hostPort\":0,\"protocol\":\"tcp\"}],\"volumesFrom\":[]}]",
            "cpu": "",
            "execution_role_arn": "arn:aws:iam::161526710706:role/ecs-task-execution-role",
            "family": "app",
            "id": "app",
            "ipc_mode": null,
            "memory": "",
            "network_mode": "",
            "pid_mode": null,
            "placement_constraints": [],
            "proxy_configuration": [],
            "requires_compatibilities": null,
            "revision": 55,
            "tags": {
              "Name": "app",
              "environment": "dev"
            },
            "task_role_arn": "arn:aws:iam::161526710706:role/ecs-task-role",
            "volume": []
          },
          "private": "eyJzY2hlbWFfdmVyc2lvbiI6IjEifQ==",
          "depends_on": [
            "aws_iam_role.ecs-task-execution-role",
            "aws_iam_role.ecs-task-role",
            "data.template_file.task_definition"
          ]
        }
      ]
    },
    {
      "mode": "managed",
      "type": "aws_eip",
      "name": "nat-a",
      "provider": "provider.aws",
      "instances": [
        {
          "schema_version": 0,
          "attributes": {
            "allocation_id": null,
            "associate_with_private_ip": null,
            "association_id": "",
            "domain": "vpc",
            "id": "eipalloc-03591823f6ca174b2",
            "instance": "",
            "network_interface": "",
            "private_dns": null,
            "private_ip": "",
            "public_dns": "ec2-52-215-12-251.eu-west-1.compute.amazonaws.com",
            "public_ip": "52.215.12.251",
            "public_ipv4_pool": "amazon",
            "tags": {
              "Name": "nat-a",
              "environment": "dev"
            },
            "timeouts": null,
            "vpc": true
          },
          "private": "eyJlMmJmYjczMC1lY2FhLTExZTYtOGY4OC0zNDM2M2JjN2M0YzAiOnsiZGVsZXRlIjoxODAwMDAwMDAwMDAsInJlYWQiOjkwMDAwMDAwMDAwMCwidXBkYXRlIjozMDAwMDAwMDAwMDB9fQ=="
        }
      ]
    },
    {
      "mode": "managed",
      "type": "aws_eip",
      "name": "nat-b",
      "provider": "provider.aws",
      "instances": [
        {
          "schema_version": 0,
          "attributes": {
            "allocation_id": null,
            "associate_with_private_ip": null,
            "association_id": "",
            "domain": "vpc",
            "id": "eipalloc-0fb6245dabaffecec",
            "instance": "",
            "network_interface": "",
            "private_dns": null,
            "private_ip": "",
            "public_dns": "ec2-52-213-71-12.eu-west-1.compute.amazonaws.com",
            "public_ip": "52.213.71.12",
            "public_ipv4_pool": "amazon",
            "tags": {
              "Name": "nat-b",
              "environment": "dev"
            },
            "timeouts": null,
            "vpc": true
          },
          "private": "eyJlMmJmYjczMC1lY2FhLTExZTYtOGY4OC0zNDM2M2JjN2M0YzAiOnsiZGVsZXRlIjoxODAwMDAwMDAwMDAsInJlYWQiOjkwMDAwMDAwMDAwMCwidXBkYXRlIjozMDAwMDAwMDAwMDB9fQ=="
        }
      ]
    },
    {
      "mode": "managed",
      "type": "aws_eip",
      "name": "nat-c",
      "provider": "provider.aws",
      "instances": [
        {
          "schema_version": 0,
          "attributes": {
            "allocation_id": null,
            "associate_with_private_ip": null,
            "association_id": "",
            "domain": "vpc",
            "id": "eipalloc-0ce057fdcaa2ed8ac",
            "instance": "",
            "network_interface": "",
            "private_dns": null,
            "private_ip": "",
            "public_dns": "ec2-52-31-232-208.eu-west-1.compute.amazonaws.com",
            "public_ip": "52.31.232.208",
            "public_ipv4_pool": "amazon",
            "tags": {
              "Name": "nat-c",
              "environment": "dev"
            },
            "timeouts": null,
            "vpc": true
          },
          "private": "eyJlMmJmYjczMC1lY2FhLTExZTYtOGY4OC0zNDM2M2JjN2M0YzAiOnsiZGVsZXRlIjoxODAwMDAwMDAwMDAsInJlYWQiOjkwMDAwMDAwMDAwMCwidXBkYXRlIjozMDAwMDAwMDAwMDB9fQ=="
        }
      ]
    },
    {
      "mode": "managed",
      "type": "aws_iam_instance_profile",
      "name": "app-ecs-instance-profile",
      "provider": "provider.aws",
      "instances": [
        {
          "schema_version": 0,
          "attributes": {
            "arn": "arn:aws:iam::161526710706:instance-profile/app-ecs-instance-profile",
            "create_date": "2020-02-10T11:44:07Z",
            "id": "app-ecs-instance-profile",
            "name": "app-ecs-instance-profile",
            "name_prefix": null,
            "path": "/",
            "role": "app-ecs-instance-role",
            "roles": [],
            "unique_id": "AIPASLG56AGZNGRNRS4J4"
          },
          "private": "bnVsbA==",
          "depends_on": [
            "aws_iam_role.app-ecs-instance-role"
          ]
        }
      ]
    },
    {
      "mode": "managed",
      "type": "aws_iam_role",
      "name": "app-ecs-instance-role",
      "provider": "provider.aws",
      "instances": [
        {
          "schema_version": 0,
          "attributes": {
            "arn": "arn:aws:iam::161526710706:role/ecs/app-ecs-instance-role",
            "assume_role_policy": "{\"Version\":\"2012-10-17\",\"Statement\":[{\"Sid\":\"\",\"Effect\":\"Allow\",\"Principal\":{\"Service\":\"ec2.amazonaws.com\"},\"Action\":\"sts:AssumeRole\"}]}",
            "create_date": "2020-02-10T11:44:05Z",
            "description": "",
            "force_detach_policies": false,
            "id": "app-ecs-instance-role",
            "max_session_duration": 3600,
            "name": "app-ecs-instance-role",
            "name_prefix": null,
            "path": "/ecs/",
            "permissions_boundary": null,
            "tags": null,
            "unique_id": "AROASLG56AGZAFZZQAC4I"
          },
          "private": "bnVsbA==",
          "depends_on": [
            "data.aws_iam_policy_document.app-ecs-instance-role-assume-policy"
          ]
        }
      ]
    },
    {
      "mode": "managed",
      "type": "aws_iam_role",
      "name": "ecs-service-role",
      "provider": "provider.aws",
      "instances": [
        {
          "schema_version": 0,
          "attributes": {
            "arn": "arn:aws:iam::161526710706:role/ecs-service-role",
            "assume_role_policy": "{\"Version\":\"2012-10-17\",\"Statement\":[{\"Sid\":\"\",\"Effect\":\"Allow\",\"Principal\":{\"Service\":\"ecs.amazonaws.com\"},\"Action\":\"sts:AssumeRole\"}]}",
            "create_date": "2020-02-10T11:44:05Z",
            "description": "",
            "force_detach_policies": false,
            "id": "ecs-service-role",
            "max_session_duration": 3600,
            "name": "ecs-service-role",
            "name_prefix": null,
            "path": "/",
            "permissions_boundary": null,
            "tags": null,
            "unique_id": "AROASLG56AGZGUJYFZPEP"
          },
          "private": "bnVsbA==",
          "depends_on": [
            "data.aws_iam_policy_document.app-ecs-service-assume-role-policy"
          ]
        }
      ]
    },
    {
      "mode": "managed",
      "type": "aws_iam_role",
      "name": "ecs-task-execution-role",
      "provider": "provider.aws",
      "instances": [
        {
          "schema_version": 0,
          "attributes": {
            "arn": "arn:aws:iam::161526710706:role/ecs-task-execution-role",
            "assume_role_policy": "{\"Version\":\"2012-10-17\",\"Statement\":[{\"Sid\":\"\",\"Effect\":\"Allow\",\"Principal\":{\"Service\":\"ecs-tasks.amazonaws.com\"},\"Action\":\"sts:AssumeRole\"}]}",
            "create_date": "2020-02-10T11:44:05Z",
            "description": "",
            "force_detach_policies": false,
            "id": "ecs-task-execution-role",
            "max_session_duration": 3600,
            "name": "ecs-task-execution-role",
            "name_prefix": null,
            "path": "/",
            "permissions_boundary": null,
            "tags": null,
            "unique_id": "AROASLG56AGZAT3DVUEXY"
          },
          "private": "bnVsbA==",
          "depends_on": [
            "data.aws_iam_policy_document.app-ecs-task-assume-role-policy"
          ]
        }
      ]
    },
    {
      "mode": "managed",
      "type": "aws_iam_role",
      "name": "ecs-task-role",
      "provider": "provider.aws",
      "instances": [
        {
          "schema_version": 0,
          "attributes": {
            "arn": "arn:aws:iam::161526710706:role/ecs-task-role",
            "assume_role_policy": "{\"Version\":\"2012-10-17\",\"Statement\":[{\"Sid\":\"\",\"Effect\":\"Allow\",\"Principal\":{\"Service\":\"ecs-tasks.amazonaws.com\"},\"Action\":\"sts:AssumeRole\"}]}",
            "create_date": "2020-02-10T11:44:05Z",
            "description": "",
            "force_detach_policies": false,
            "id": "ecs-task-role",
            "max_session_duration": 3600,
            "name": "ecs-task-role",
            "name_prefix": null,
            "path": "/",
            "permissions_boundary": null,
            "tags": null,
            "unique_id": "AROASLG56AGZFTDT7IYQN"
          },
          "private": "bnVsbA==",
          "depends_on": [
            "data.aws_iam_policy_document.app-ecs-task-assume-role-policy"
          ]
        }
      ]
    },
    {
      "mode": "managed",
      "type": "aws_iam_role_policy",
      "name": "ecs-task-role-policy",
      "provider": "provider.aws",
      "instances": [
        {
          "schema_version": 0,
          "attributes": {
            "id": "ecs-task-role:ecs-task-role-policy",
            "name": "ecs-task-role-policy",
            "name_prefix": null,
            "policy": "{\n  \"Version\": \"2012-10-17\",\n  \"Statement\": [\n    {\n      \"Sid\": \"\",\n      \"Effect\": \"Allow\",\n      \"Action\": \"s3:*\",\n      \"Resource\": \"*\"\n    }\n  ]\n}",
            "role": "ecs-task-role"
          },
          "private": "bnVsbA==",
          "depends_on": [
            "aws_iam_role.ecs-task-role",
            "data.aws_iam_policy_document.ecs-task-role-policy"
          ]
        }
      ]
    },
    {
      "mode": "managed",
      "type": "aws_iam_role_policy_attachment",
      "name": "ecs-service-role-policy",
      "provider": "provider.aws",
      "instances": [
        {
          "schema_version": 0,
          "attributes": {
            "id": "ecs-service-role-20200210114407265300000003",
            "policy_arn": "arn:aws:iam::aws:policy/service-role/AmazonEC2ContainerServiceRole",
            "role": "ecs-service-role"
          },
          "private": "bnVsbA==",
          "depends_on": [
            "aws_iam_role.ecs-service-role"
          ]
        }
      ]
    },
    {
      "mode": "managed",
      "type": "aws_iam_role_policy_attachment",
      "name": "ecs-task-execution-role-policy",
      "provider": "provider.aws",
      "instances": [
        {
          "schema_version": 0,
          "attributes": {
            "id": "ecs-task-execution-role-20200210114407245400000001",
            "policy_arn": "arn:aws:iam::aws:policy/service-role/AmazonECSTaskExecutionRolePolicy",
            "role": "ecs-task-execution-role"
          },
          "private": "bnVsbA==",
          "depends_on": [
            "aws_iam_role.ecs-task-execution-role"
          ]
        }
      ]
    },
    {
      "mode": "managed",
      "type": "aws_iam_role_policy_attachment",
      "name": "ecs_ec2_cloudwatch_role",
      "provider": "provider.aws",
      "instances": [
        {
          "schema_version": 0,
          "attributes": {
            "id": "app-ecs-instance-role-20200210114407478700000004",
            "policy_arn": "arn:aws:iam::aws:policy/CloudWatchLogsFullAccess",
            "role": "app-ecs-instance-role"
          },
          "private": "bnVsbA==",
          "depends_on": [
            "aws_iam_role.app-ecs-instance-role"
          ]
        }
      ]
    },
    {
      "mode": "managed",
      "type": "aws_iam_role_policy_attachment",
      "name": "ecs_ec2_role",
      "provider": "provider.aws",
      "instances": [
        {
          "schema_version": 0,
          "attributes": {
            "id": "app-ecs-instance-role-20200210114407264500000002",
            "policy_arn": "arn:aws:iam::aws:policy/service-role/AmazonEC2ContainerServiceforEC2Role",
            "role": "app-ecs-instance-role"
          },
          "private": "bnVsbA==",
          "depends_on": [
            "aws_iam_role.app-ecs-instance-role"
          ]
        }
      ]
    },
    {
      "mode": "managed",
      "type": "aws_instance",
      "name": "app-ecs-instance",
      "provider": "provider.aws",
      "instances": [
        {
          "schema_version": 1,
          "attributes": {
            "ami": "ami-01de9443606bda731",
            "arn": "arn:aws:ec2:eu-west-1:161526710706:instance/i-0c0cdd68dcff4bcb2",
            "associate_public_ip_address": true,
            "availability_zone": "eu-west-1a",
            "cpu_core_count": 1,
            "cpu_threads_per_core": 2,
            "credit_specification": [
              {
                "cpu_credits": "unlimited"
              }
            ],
            "disable_api_termination": false,
            "ebs_block_device": [],
            "ebs_optimized": false,
            "ephemeral_block_device": [],
            "get_password_data": false,
            "host_id": null,
            "iam_instance_profile": "app-ecs-instance-profile",
            "id": "i-0c0cdd68dcff4bcb2",
            "instance_initiated_shutdown_behavior": null,
            "instance_state": "running",
            "instance_type": "t3.micro",
            "ipv6_address_count": 0,
            "ipv6_addresses": [],
            "key_name": "deployer-key",
            "monitoring": false,
            "network_interface": [],
            "network_interface_id": null,
            "password_data": "",
            "placement_group": "",
            "primary_network_interface_id": "eni-07cef7757c337643f",
            "private_dns": "ip-10-254-6-55.eu-west-1.compute.internal",
            "private_ip": "10.254.6.55",
            "public_dns": "ec2-52-51-35-100.eu-west-1.compute.amazonaws.com",
            "public_ip": "52.51.35.100",
            "root_block_device": [
              {
                "delete_on_termination": true,
                "encrypted": false,
                "iops": 100,
                "kms_key_id": "",
                "volume_id": "vol-0e3343efb4312adaa",
                "volume_size": 30,
                "volume_type": "gp2"
              }
            ],
            "security_groups": [],
            "source_dest_check": true,
            "subnet_id": "subnet-0192ec3a4867cd81b",
            "tags": {
              "Name": "app-ecs-instance",
              "env": "dev"
            },
            "tenancy": "default",
            "timeouts": null,
            "user_data": "46f5a0880c207d4a50e768415de36b31dbeeaec0",
            "user_data_base64": null,
            "volume_tags": {},
            "vpc_security_group_ids": [
              "sg-0f7a653177e033d2f",
              "sg-0f8dc19a9d1586eb6"
            ]
          },
          "private": "eyJlMmJmYjczMC1lY2FhLTExZTYtOGY4OC0zNDM2M2JjN2M0YzAiOnsiY3JlYXRlIjo2MDAwMDAwMDAwMDAsImRlbGV0ZSI6MTIwMDAwMDAwMDAwMCwidXBkYXRlIjo2MDAwMDAwMDAwMDB9LCJzY2hlbWFfdmVyc2lvbiI6IjEifQ==",
          "depends_on": [
            "aws_iam_instance_profile.app-ecs-instance-profile",
            "aws_key_pair.deployer-key",
            "aws_security_group.app-sg",
            "aws_security_group.default-sg",
            "aws_subnet.apps-a",
            "data.aws_ssm_parameter.amazon-linux-ecs-ami",
            "data.template_file.user_data"
          ]
        }
      ]
    },
    {
      "mode": "managed",
      "type": "aws_internet_gateway",
      "name": "main",
      "provider": "provider.aws",
      "instances": [
        {
          "schema_version": 0,
          "attributes": {
            "id": "igw-0888fd4659cc599ff",
            "owner_id": "161526710706",
            "tags": {
              "Name": "main",
              "environment": "dev"
            },
            "vpc_id": "vpc-08b57cf330563acac"
          },
          "private": "bnVsbA==",
          "depends_on": [
            "aws_vpc.main"
          ]
        }
      ]
    },
    {
      "mode": "managed",
      "type": "aws_key_pair",
      "name": "deployer-key",
      "provider": "provider.aws",
      "instances": [
        {
          "schema_version": 1,
          "attributes": {
            "fingerprint": "6f:96:8c:b8:8a:88:18:1a:79:cb:5b:51:81:2d:0c:66",
            "id": "deployer-key",
            "key_name": "deployer-key",
            "key_name_prefix": null,
            "public_key": "ssh-rsa AAAAB3NzaC1yc2EAAAADAQABAAABAQDIubKJ6he4sbyS91SQZRXHIuSEgJ0phAKhQPVQoHQjeBXQegkNZlEiZuKnQKWlK/TiJYEyKdO7JI/C5ToYDZDtm7XSutH3ErJlpOdNIN2j9JCmBIPlUujznGIMcsOnOsU10nU/7lXFeuyDQatqcG6Ns129oD2n/dIZc6XPt44Dc546cDB3yc9wax3/H0cOWlsBFL30XET9iTYMvyIClWnZTCl1Y6jx894/0d8jkObwRzJtZpKjqgRi7MdBZQh04rK0DgPvFE8hLW8vQTaFmcP9wmuIpd+1+rYLsxLUgL1d8F8OA3wTMMzOsEYKvosHQR8VYKNr9shnx1wJJ54ILEFL"
          },
          "private": "eyJzY2hlbWFfdmVyc2lvbiI6IjEifQ=="
        }
      ]
    },
    {
      "mode": "managed",
      "type": "aws_lb",
      "name": "app-lb",
      "provider": "provider.aws",
      "instances": [
        {
          "schema_version": 0,
          "attributes": {
            "access_logs": [
              {
                "bucket": "hello-app-lb-logs",
                "enabled": true,
                "prefix": "app-lb"
              }
            ],
            "arn": "arn:aws:elasticloadbalancing:eu-west-1:161526710706:loadbalancer/app/app-lb/e08b3b854122f5a6",
            "arn_suffix": "app/app-lb/e08b3b854122f5a6",
            "dns_name": "app-lb-1051207277.eu-west-1.elb.amazonaws.com",
            "enable_cross_zone_load_balancing": null,
            "enable_deletion_protection": false,
            "enable_http2": true,
            "id": "arn:aws:elasticloadbalancing:eu-west-1:161526710706:loadbalancer/app/app-lb/e08b3b854122f5a6",
            "idle_timeout": 60,
            "internal": false,
            "ip_address_type": "ipv4",
            "load_balancer_type": "application",
            "name": "app-lb",
            "name_prefix": null,
            "security_groups": [
              "sg-0fbfeb2a996ed059e"
            ],
            "subnet_mapping": [
              {
                "allocation_id": "",
                "subnet_id": "subnet-04f96bfa95db00990"
              },
              {
                "allocation_id": "",
                "subnet_id": "subnet-0b1f6c4751762758e"
              },
              {
                "allocation_id": "",
                "subnet_id": "subnet-0d8c8794cbdfd2407"
              }
            ],
            "subnets": [
              "subnet-04f96bfa95db00990",
              "subnet-0b1f6c4751762758e",
              "subnet-0d8c8794cbdfd2407"
            ],
            "tags": {
              "Name": "app-lb",
              "env": "dev"
            },
            "timeouts": null,
            "vpc_id": "vpc-08b57cf330563acac",
            "zone_id": "Z32O12XQLNTSW2"
          },
          "private": "eyJlMmJmYjczMC1lY2FhLTExZTYtOGY4OC0zNDM2M2JjN2M0YzAiOnsiY3JlYXRlIjo2MDAwMDAwMDAwMDAsImRlbGV0ZSI6NjAwMDAwMDAwMDAwLCJ1cGRhdGUiOjYwMDAwMDAwMDAwMH19",
          "depends_on": [
            "aws_internet_gateway.main",
            "aws_s3_bucket.lb-logs-bucket",
            "aws_security_group.lb-sg",
            "aws_subnet.lb-a",
            "aws_subnet.lb-b",
            "aws_subnet.lb-c"
          ]
        }
      ]
    },
    {
      "mode": "managed",
      "type": "aws_lb_listener",
      "name": "app-lb-lnr",
      "provider": "provider.aws",
      "instances": [
        {
          "schema_version": 0,
          "attributes": {
            "arn": "arn:aws:elasticloadbalancing:eu-west-1:161526710706:listener/app/app-lb/e08b3b854122f5a6/63449f19fd29a688",
            "certificate_arn": null,
            "default_action": [
              {
                "authenticate_cognito": [],
                "authenticate_oidc": [],
                "fixed_response": [],
                "order": 1,
                "redirect": [],
                "target_group_arn": "arn:aws:elasticloadbalancing:eu-west-1:161526710706:targetgroup/app-lb-tg-85/01586f9a2e86ad01",
                "type": "forward"
              }
            ],
            "id": "arn:aws:elasticloadbalancing:eu-west-1:161526710706:listener/app/app-lb/e08b3b854122f5a6/63449f19fd29a688",
            "load_balancer_arn": "arn:aws:elasticloadbalancing:eu-west-1:161526710706:loadbalancer/app/app-lb/e08b3b854122f5a6",
            "port": 80,
            "protocol": "HTTP",
            "ssl_policy": "",
            "timeouts": null
          },
          "private": "eyJlMmJmYjczMC1lY2FhLTExZTYtOGY4OC0zNDM2M2JjN2M0YzAiOnsicmVhZCI6NjAwMDAwMDAwMDAwfX0=",
          "depends_on": [
            "aws_lb.app-lb",
            "aws_lb_target_group.app-lb-tg"
          ]
        }
      ]
    },
    {
      "mode": "managed",
      "type": "aws_lb_target_group",
      "name": "app-lb-tg",
      "provider": "provider.aws",
      "instances": [
        {
          "schema_version": 0,
          "attributes": {
            "arn": "arn:aws:elasticloadbalancing:eu-west-1:161526710706:targetgroup/app-lb-tg-85/01586f9a2e86ad01",
            "arn_suffix": "targetgroup/app-lb-tg-85/01586f9a2e86ad01",
            "deregistration_delay": 30,
            "health_check": [
              {
                "enabled": true,
                "healthy_threshold": 3,
                "interval": 10,
                "matcher": "200",
                "path": "/healthcheck",
                "port": "traffic-port",
                "protocol": "HTTP",
                "timeout": 5,
                "unhealthy_threshold": 3
              }
            ],
            "id": "arn:aws:elasticloadbalancing:eu-west-1:161526710706:targetgroup/app-lb-tg-85/01586f9a2e86ad01",
            "lambda_multi_value_headers_enabled": false,
            "name": "app-lb-tg-85",
            "name_prefix": null,
            "port": 80,
            "protocol": "HTTP",
            "proxy_protocol_v2": false,
            "slow_start": 0,
            "stickiness": [
              {
                "cookie_duration": 86400,
                "enabled": false,
                "type": "lb_cookie"
              }
            ],
            "tags": {
              "Name": "app-lb-tg",
              "env": "dev"
            },
            "target_type": "instance",
            "vpc_id": "vpc-08b57cf330563acac"
          },
          "private": "bnVsbA==",
          "depends_on": [
            "aws_vpc.main",
            "random_integer.app-target-group-id"
          ]
        }
      ]
    },
    {
      "mode": "managed",
      "type": "aws_nat_gateway",
      "name": "nat-a",
      "provider": "provider.aws",
      "instances": [
        {
          "schema_version": 0,
          "attributes": {
            "allocation_id": "eipalloc-03591823f6ca174b2",
            "id": "nat-0acdf3ce98d8afe4e",
            "network_interface_id": "eni-00e6d20cd77be9467",
            "private_ip": "10.254.9.143",
            "public_ip": "52.215.12.251",
            "subnet_id": "subnet-05a12b14a774f5585",
            "tags": {
              "Name": "nat-a",
              "environment": "dev"
            }
          },
          "private": "bnVsbA==",
          "depends_on": [
            "aws_eip.nat-a",
            "aws_internet_gateway.main",
            "aws_subnet.nat-a"
          ]
        }
      ]
    },
    {
      "mode": "managed",
      "type": "aws_nat_gateway",
      "name": "nat-b",
      "provider": "provider.aws",
      "instances": [
        {
          "schema_version": 0,
          "attributes": {
            "allocation_id": "eipalloc-0fb6245dabaffecec",
            "id": "nat-074c6ff794a7bcb95",
            "network_interface_id": "eni-04b3a14b6aa1d3445",
            "private_ip": "10.254.10.252",
            "public_ip": "52.213.71.12",
            "subnet_id": "subnet-0b51e9fe7dfa50b38",
            "tags": {
              "Name": "nat-b",
              "environment": "dev"
            }
          },
          "private": "bnVsbA==",
          "depends_on": [
            "aws_eip.nat-b",
            "aws_internet_gateway.main",
            "aws_subnet.nat-b"
          ]
        }
      ]
    },
    {
      "mode": "managed",
      "type": "aws_nat_gateway",
      "name": "nat-c",
      "provider": "provider.aws",
      "instances": [
        {
          "schema_version": 0,
          "attributes": {
            "allocation_id": "eipalloc-0ce057fdcaa2ed8ac",
            "id": "nat-0aac09a816734635e",
            "network_interface_id": "eni-0d20b02902c429837",
            "private_ip": "10.254.11.248",
            "public_ip": "52.31.232.208",
            "subnet_id": "subnet-0cd554a4a51b922bc",
            "tags": {
              "Name": "nat-c",
              "environment": "dev"
            }
          },
          "private": "bnVsbA==",
          "depends_on": [
            "aws_eip.nat-c",
            "aws_internet_gateway.main",
            "aws_subnet.nat-c"
          ]
        }
      ]
    },
    {
      "mode": "managed",
      "type": "aws_route_table",
      "name": "nat-a",
      "provider": "provider.aws",
      "instances": [
        {
          "schema_version": 0,
          "attributes": {
            "id": "rtb-01908771960f42b70",
            "owner_id": "161526710706",
            "propagating_vgws": [],
            "route": [
              {
                "cidr_block": "0.0.0.0/0",
                "egress_only_gateway_id": "",
                "gateway_id": "",
                "instance_id": "",
                "ipv6_cidr_block": "",
                "nat_gateway_id": "nat-0acdf3ce98d8afe4e",
                "network_interface_id": "",
                "transit_gateway_id": "",
                "vpc_peering_connection_id": ""
              }
            ],
            "tags": null,
            "vpc_id": "vpc-08b57cf330563acac"
          },
          "private": "bnVsbA==",
          "depends_on": [
            "aws_nat_gateway.nat-a",
            "aws_vpc.main"
          ]
        }
      ]
    },
    {
      "mode": "managed",
      "type": "aws_route_table",
      "name": "nat-b",
      "provider": "provider.aws",
      "instances": [
        {
          "schema_version": 0,
          "attributes": {
            "id": "rtb-05dd59287e8f844d7",
            "owner_id": "161526710706",
            "propagating_vgws": [],
            "route": [
              {
                "cidr_block": "0.0.0.0/0",
                "egress_only_gateway_id": "",
                "gateway_id": "",
                "instance_id": "",
                "ipv6_cidr_block": "",
                "nat_gateway_id": "nat-074c6ff794a7bcb95",
                "network_interface_id": "",
                "transit_gateway_id": "",
                "vpc_peering_connection_id": ""
              }
            ],
            "tags": null,
            "vpc_id": "vpc-08b57cf330563acac"
          },
          "private": "bnVsbA==",
          "depends_on": [
            "aws_nat_gateway.nat-b",
            "aws_vpc.main"
          ]
        }
      ]
    },
    {
      "mode": "managed",
      "type": "aws_route_table",
      "name": "nat-c",
      "provider": "provider.aws",
      "instances": [
        {
          "schema_version": 0,
          "attributes": {
            "id": "rtb-0ee3fd9c704324f91",
            "owner_id": "161526710706",
            "propagating_vgws": [],
            "route": [
              {
                "cidr_block": "0.0.0.0/0",
                "egress_only_gateway_id": "",
                "gateway_id": "",
                "instance_id": "",
                "ipv6_cidr_block": "",
                "nat_gateway_id": "nat-0aac09a816734635e",
                "network_interface_id": "",
                "transit_gateway_id": "",
                "vpc_peering_connection_id": ""
              }
            ],
            "tags": null,
            "vpc_id": "vpc-08b57cf330563acac"
          },
          "private": "bnVsbA==",
          "depends_on": [
            "aws_nat_gateway.nat-c",
            "aws_vpc.main"
          ]
        }
      ]
    },
    {
      "mode": "managed",
      "type": "aws_route_table",
      "name": "public",
      "provider": "provider.aws",
      "instances": [
        {
          "schema_version": 0,
          "attributes": {
            "id": "rtb-0eb1abf3ef56d0151",
            "owner_id": "161526710706",
            "propagating_vgws": [],
            "route": [
              {
                "cidr_block": "0.0.0.0/0",
                "egress_only_gateway_id": "",
                "gateway_id": "igw-0888fd4659cc599ff",
                "instance_id": "",
                "ipv6_cidr_block": "",
                "nat_gateway_id": "",
                "network_interface_id": "",
                "transit_gateway_id": "",
                "vpc_peering_connection_id": ""
              }
            ],
            "tags": null,
            "vpc_id": "vpc-08b57cf330563acac"
          },
          "private": "bnVsbA==",
          "depends_on": [
            "aws_internet_gateway.main",
            "aws_vpc.main"
          ]
        }
      ]
    },
    {
      "mode": "managed",
      "type": "aws_route_table_association",
      "name": "apps-a",
      "provider": "provider.aws",
      "instances": [
        {
          "schema_version": 0,
          "attributes": {
            "id": "rtbassoc-00f18ec637d7fdf1d",
            "route_table_id": "rtb-0eb1abf3ef56d0151",
            "subnet_id": "subnet-0192ec3a4867cd81b"
          },
          "private": "bnVsbA==",
          "depends_on": [
            "aws_route_table.public",
            "aws_subnet.apps-a"
          ]
        }
      ]
    },
    {
      "mode": "managed",
      "type": "aws_route_table_association",
      "name": "apps-b",
      "provider": "provider.aws",
      "instances": [
        {
          "schema_version": 0,
          "attributes": {
            "id": "rtbassoc-0f87576880ad84df9",
            "route_table_id": "rtb-0eb1abf3ef56d0151",
            "subnet_id": "subnet-0514af4fe98faf086"
          },
          "private": "bnVsbA==",
          "depends_on": [
            "aws_route_table.public",
            "aws_subnet.apps-b"
          ]
        }
      ]
    },
    {
      "mode": "managed",
      "type": "aws_route_table_association",
      "name": "apps-c",
      "provider": "provider.aws",
      "instances": [
        {
          "schema_version": 0,
          "attributes": {
            "id": "rtbassoc-0af0e4033248cf771",
            "route_table_id": "rtb-0eb1abf3ef56d0151",
            "subnet_id": "subnet-0a6a2001dfa542747"
          },
          "private": "bnVsbA==",
          "depends_on": [
            "aws_route_table.public",
            "aws_subnet.apps-c"
          ]
        }
      ]
    },
    {
      "mode": "managed",
      "type": "aws_route_table_association",
      "name": "data-a",
      "provider": "provider.aws",
      "instances": [
        {
          "schema_version": 0,
          "attributes": {
            "id": "rtbassoc-09b41cb8e7c193c22",
            "route_table_id": "rtb-0eb1abf3ef56d0151",
            "subnet_id": "subnet-0820f5d58333a7cc7"
          },
          "private": "bnVsbA==",
          "depends_on": [
            "aws_route_table.public",
            "aws_subnet.data-a"
          ]
        }
      ]
    },
    {
      "mode": "managed",
      "type": "aws_route_table_association",
      "name": "data-b",
      "provider": "provider.aws",
      "instances": [
        {
          "schema_version": 0,
          "attributes": {
            "id": "rtbassoc-0632ccdf0013809ed",
            "route_table_id": "rtb-0eb1abf3ef56d0151",
            "subnet_id": "subnet-0fa248a4c9dda1f19"
          },
          "private": "bnVsbA==",
          "depends_on": [
            "aws_route_table.public",
            "aws_subnet.data-b"
          ]
        }
      ]
    },
    {
      "mode": "managed",
      "type": "aws_route_table_association",
      "name": "data-c",
      "provider": "provider.aws",
      "instances": [
        {
          "schema_version": 0,
          "attributes": {
            "id": "rtbassoc-06150ac7f195feaed",
            "route_table_id": "rtb-0eb1abf3ef56d0151",
            "subnet_id": "subnet-00b0e6716b02ea46b"
          },
          "private": "bnVsbA==",
          "depends_on": [
            "aws_route_table.public",
            "aws_subnet.data-c"
          ]
        }
      ]
    },
    {
      "mode": "managed",
      "type": "aws_route_table_association",
      "name": "lb-a",
      "provider": "provider.aws",
      "instances": [
        {
          "schema_version": 0,
          "attributes": {
            "id": "rtbassoc-01257c295d6962b24",
            "route_table_id": "rtb-0eb1abf3ef56d0151",
            "subnet_id": "subnet-0d8c8794cbdfd2407"
          },
          "private": "bnVsbA==",
          "depends_on": [
            "aws_route_table.public",
            "aws_subnet.lb-a"
          ]
        }
      ]
    },
    {
      "mode": "managed",
      "type": "aws_route_table_association",
      "name": "lb-b",
      "provider": "provider.aws",
      "instances": [
        {
          "schema_version": 0,
          "attributes": {
            "id": "rtbassoc-093aee5ed34e7abbf",
            "route_table_id": "rtb-0eb1abf3ef56d0151",
            "subnet_id": "subnet-04f96bfa95db00990"
          },
          "private": "bnVsbA==",
          "depends_on": [
            "aws_route_table.public",
            "aws_subnet.lb-b"
          ]
        }
      ]
    },
    {
      "mode": "managed",
      "type": "aws_route_table_association",
      "name": "lb-c",
      "provider": "provider.aws",
      "instances": [
        {
          "schema_version": 0,
          "attributes": {
            "id": "rtbassoc-0a3054055cd106914",
            "route_table_id": "rtb-0eb1abf3ef56d0151",
            "subnet_id": "subnet-0b1f6c4751762758e"
          },
          "private": "bnVsbA==",
          "depends_on": [
            "aws_route_table.public",
            "aws_subnet.lb-c"
          ]
        }
      ]
    },
    {
      "mode": "managed",
      "type": "aws_route_table_association",
      "name": "nat-a",
      "provider": "provider.aws",
      "instances": [
        {
          "schema_version": 0,
          "attributes": {
            "id": "rtbassoc-093fb89c5ff82cf23",
            "route_table_id": "rtb-0eb1abf3ef56d0151",
            "subnet_id": "subnet-05a12b14a774f5585"
          },
          "private": "bnVsbA==",
          "depends_on": [
            "aws_route_table.public",
            "aws_subnet.nat-a"
          ]
        }
      ]
    },
    {
      "mode": "managed",
      "type": "aws_route_table_association",
      "name": "nat-b",
      "provider": "provider.aws",
      "instances": [
        {
          "schema_version": 0,
          "attributes": {
            "id": "rtbassoc-038bd58e11138f300",
            "route_table_id": "rtb-0eb1abf3ef56d0151",
            "subnet_id": "subnet-0b51e9fe7dfa50b38"
          },
          "private": "bnVsbA==",
          "depends_on": [
            "aws_route_table.public",
            "aws_subnet.nat-b"
          ]
        }
      ]
    },
    {
      "mode": "managed",
      "type": "aws_route_table_association",
      "name": "nat-c",
      "provider": "provider.aws",
      "instances": [
        {
          "schema_version": 0,
          "attributes": {
            "id": "rtbassoc-08b04ff4e3f16be1c",
            "route_table_id": "rtb-0eb1abf3ef56d0151",
            "subnet_id": "subnet-0cd554a4a51b922bc"
          },
          "private": "bnVsbA==",
          "depends_on": [
            "aws_route_table.public",
            "aws_subnet.nat-c"
          ]
        }
      ]
    },
    {
      "mode": "managed",
      "type": "aws_s3_bucket",
      "name": "lb-logs-bucket",
      "provider": "provider.aws",
      "instances": [
        {
          "schema_version": 0,
          "attributes": {
            "acceleration_status": "",
            "acl": "private",
            "arn": "arn:aws:s3:::hello-app-lb-logs",
            "bucket": "hello-app-lb-logs",
            "bucket_domain_name": "hello-app-lb-logs.s3.amazonaws.com",
            "bucket_prefix": null,
            "bucket_regional_domain_name": "hello-app-lb-logs.s3.eu-west-1.amazonaws.com",
            "cors_rule": [],
            "force_destroy": true,
            "hosted_zone_id": "Z1BKCTXD74EZPE",
            "id": "hello-app-lb-logs",
            "lifecycle_rule": [
              {
                "abort_incomplete_multipart_upload_days": 0,
                "enabled": true,
                "expiration": [
                  {
                    "date": "",
                    "days": 7,
                    "expired_object_delete_marker": null
                  }
                ],
                "id": "root",
                "noncurrent_version_expiration": [],
                "noncurrent_version_transition": [],
                "prefix": "",
                "tags": null,
                "transition": []
              }
            ],
            "logging": [],
            "object_lock_configuration": [],
            "policy": "{\"Statement\":[{\"Action\":\"s3:PutObject\",\"Effect\":\"Allow\",\"Principal\":{\"AWS\":\"arn:aws:iam::156460612806:root\"},\"Resource\":\"arn:aws:s3:::hello-app-lb-logs/*/AWSLogs/161526710706/*\",\"Sid\":\"\"}],\"Version\":\"2012-10-17\"}",
            "region": "eu-west-1",
            "replication_configuration": [],
            "request_payer": "BucketOwner",
            "server_side_encryption_configuration": [],
            "tags": {
              "Name": "hello-app-lb-logs",
              "environment": "dev"
            },
            "versioning": [
              {
                "enabled": false,
                "mfa_delete": false
              }
            ],
            "website": [],
            "website_domain": null,
            "website_endpoint": null
          },
          "private": "bnVsbA==",
          "depends_on": [
            "data.aws_iam_policy_document.lb-logs-bucket"
          ]
        }
      ]
    },
    {
      "mode": "managed",
      "type": "aws_security_group",
      "name": "app-sg",
      "provider": "provider.aws",
      "instances": [
        {
          "schema_version": 1,
          "attributes": {
            "arn": "arn:aws:ec2:eu-west-1:161526710706:security-group/sg-0f8dc19a9d1586eb6",
            "description": "App",
            "egress": [],
            "id": "sg-0f8dc19a9d1586eb6",
            "ingress": [
              {
                "cidr_blocks": [],
                "description": "",
                "from_port": 1000,
                "ipv6_cidr_blocks": [],
                "prefix_list_ids": [],
                "protocol": "tcp",
                "security_groups": [
                  "sg-0fbfeb2a996ed059e"
                ],
                "self": false,
                "to_port": 65535
              }
            ],
            "name": "app-sg",
            "name_prefix": null,
            "owner_id": "161526710706",
            "revoke_rules_on_delete": false,
            "tags": {
              "Name": "app-sg",
              "environment": "dev"
            },
            "timeouts": null,
            "vpc_id": "vpc-08b57cf330563acac"
          },
          "private": "eyJlMmJmYjczMC1lY2FhLTExZTYtOGY4OC0zNDM2M2JjN2M0YzAiOnsiY3JlYXRlIjo2MDAwMDAwMDAwMDAsImRlbGV0ZSI6NjAwMDAwMDAwMDAwfSwic2NoZW1hX3ZlcnNpb24iOiIxIn0=",
          "depends_on": [
            "aws_security_group.lb-sg",
            "aws_vpc.main"
          ]
        }
      ]
    },
    {
      "mode": "managed",
      "type": "aws_security_group",
      "name": "default-sg",
      "provider": "provider.aws",
      "instances": [
        {
          "schema_version": 1,
          "attributes": {
            "arn": "arn:aws:ec2:eu-west-1:161526710706:security-group/sg-0f7a653177e033d2f",
            "description": "Default secrity group",
            "egress": [
              {
                "cidr_blocks": [
                  "0.0.0.0/0"
                ],
                "description": "",
                "from_port": 0,
                "ipv6_cidr_blocks": [],
                "prefix_list_ids": [],
                "protocol": "-1",
                "security_groups": [],
                "self": false,
                "to_port": 0
              }
            ],
            "id": "sg-0f7a653177e033d2f",
            "ingress": [
              {
                "cidr_blocks": [
                  "0.0.0.0/0"
                ],
                "description": "",
                "from_port": 22,
                "ipv6_cidr_blocks": [],
                "prefix_list_ids": [],
                "protocol": "tcp",
                "security_groups": [],
                "self": false,
                "to_port": 22
              }
            ],
            "name": "default-sg",
            "name_prefix": null,
            "owner_id": "161526710706",
            "revoke_rules_on_delete": false,
            "tags": {
              "Name": "default-sg",
              "environment": "dev"
            },
            "timeouts": null,
            "vpc_id": "vpc-08b57cf330563acac"
          },
          "private": "eyJlMmJmYjczMC1lY2FhLTExZTYtOGY4OC0zNDM2M2JjN2M0YzAiOnsiY3JlYXRlIjo2MDAwMDAwMDAwMDAsImRlbGV0ZSI6NjAwMDAwMDAwMDAwfSwic2NoZW1hX3ZlcnNpb24iOiIxIn0=",
          "depends_on": [
            "aws_vpc.main"
          ]
        }
      ]
    },
    {
      "mode": "managed",
      "type": "aws_security_group",
      "name": "lb-sg",
      "provider": "provider.aws",
      "instances": [
        {
          "schema_version": 1,
          "attributes": {
            "arn": "arn:aws:ec2:eu-west-1:161526710706:security-group/sg-0fbfeb2a996ed059e",
            "description": "Allow LB traffic",
            "egress": [
              {
                "cidr_blocks": [
                  "0.0.0.0/0"
                ],
                "description": "",
                "from_port": 0,
                "ipv6_cidr_blocks": [],
                "prefix_list_ids": [],
                "protocol": "-1",
                "security_groups": [],
                "self": false,
                "to_port": 0
              }
            ],
            "id": "sg-0fbfeb2a996ed059e",
            "ingress": [
              {
                "cidr_blocks": [
                  "0.0.0.0/0"
                ],
                "description": "",
                "from_port": 80,
                "ipv6_cidr_blocks": [],
                "prefix_list_ids": [],
                "protocol": "tcp",
                "security_groups": [],
                "self": false,
                "to_port": 80
              }
            ],
            "name": "lb-sg",
            "name_prefix": null,
            "owner_id": "161526710706",
            "revoke_rules_on_delete": false,
            "tags": {
              "Name": "lb-sg",
              "environment": "dev"
            },
            "timeouts": null,
            "vpc_id": "vpc-08b57cf330563acac"
          },
          "private": "eyJlMmJmYjczMC1lY2FhLTExZTYtOGY4OC0zNDM2M2JjN2M0YzAiOnsiY3JlYXRlIjo2MDAwMDAwMDAwMDAsImRlbGV0ZSI6NjAwMDAwMDAwMDAwfSwic2NoZW1hX3ZlcnNpb24iOiIxIn0=",
          "depends_on": [
            "aws_vpc.main"
          ]
        }
      ]
    },
    {
      "mode": "managed",
      "type": "aws_security_group",
      "name": "rds",
      "provider": "provider.aws",
      "instances": [
        {
          "schema_version": 1,
          "attributes": {
            "arn": "arn:aws:ec2:eu-west-1:161526710706:security-group/sg-0c95a4b5679d81c8d",
            "description": "Access to RDS instances",
            "egress": [
              {
                "cidr_blocks": [
                  "0.0.0.0/0"
                ],
                "description": "",
                "from_port": 0,
                "ipv6_cidr_blocks": [],
                "prefix_list_ids": [],
                "protocol": "-1",
                "security_groups": [],
                "self": false,
                "to_port": 0
              }
            ],
            "id": "sg-0c95a4b5679d81c8d",
            "ingress": [
              {
                "cidr_blocks": [],
                "description": "",
                "from_port": 5432,
                "ipv6_cidr_blocks": [],
                "prefix_list_ids": [],
                "protocol": "tcp",
                "security_groups": [
                  "sg-0f8dc19a9d1586eb6"
                ],
                "self": false,
                "to_port": 5432
              }
            ],
            "name": "rds",
            "name_prefix": null,
            "owner_id": "161526710706",
            "revoke_rules_on_delete": false,
            "tags": {
              "Name": "rds",
              "env": "dev"
            },
            "timeouts": null,
            "vpc_id": "vpc-08b57cf330563acac"
          },
          "private": "eyJlMmJmYjczMC1lY2FhLTExZTYtOGY4OC0zNDM2M2JjN2M0YzAiOnsiY3JlYXRlIjo2MDAwMDAwMDAwMDAsImRlbGV0ZSI6NjAwMDAwMDAwMDAwfSwic2NoZW1hX3ZlcnNpb24iOiIxIn0=",
          "depends_on": [
            "aws_security_group.app-sg",
            "aws_vpc.main"
          ]
        }
      ]
    },
    {
      "mode": "managed",
      "type": "aws_subnet",
      "name": "apps-a",
      "provider": "provider.aws",
      "instances": [
        {
          "schema_version": 1,
          "attributes": {
            "arn": "arn:aws:ec2:eu-west-1:161526710706:subnet/subnet-0192ec3a4867cd81b",
            "assign_ipv6_address_on_creation": false,
            "availability_zone": "eu-west-1a",
            "availability_zone_id": "euw1-az2",
            "cidr_block": "10.254.6.0/24",
            "id": "subnet-0192ec3a4867cd81b",
            "ipv6_cidr_block": "",
            "ipv6_cidr_block_association_id": "",
            "map_public_ip_on_launch": false,
            "owner_id": "161526710706",
            "tags": {
              "Name": "apps-a",
              "environment": "dev"
            },
            "timeouts": null,
            "vpc_id": "vpc-08b57cf330563acac"
          },
          "private": "eyJlMmJmYjczMC1lY2FhLTExZTYtOGY4OC0zNDM2M2JjN2M0YzAiOnsiY3JlYXRlIjo2MDAwMDAwMDAwMDAsImRlbGV0ZSI6MTIwMDAwMDAwMDAwMH0sInNjaGVtYV92ZXJzaW9uIjoiMSJ9",
          "depends_on": [
            "aws_vpc.main"
          ]
        }
      ]
    },
    {
      "mode": "managed",
      "type": "aws_subnet",
      "name": "apps-b",
      "provider": "provider.aws",
      "instances": [
        {
          "schema_version": 1,
          "attributes": {
            "arn": "arn:aws:ec2:eu-west-1:161526710706:subnet/subnet-0514af4fe98faf086",
            "assign_ipv6_address_on_creation": false,
            "availability_zone": "eu-west-1b",
            "availability_zone_id": "euw1-az3",
            "cidr_block": "10.254.7.0/24",
            "id": "subnet-0514af4fe98faf086",
            "ipv6_cidr_block": "",
            "ipv6_cidr_block_association_id": "",
            "map_public_ip_on_launch": false,
            "owner_id": "161526710706",
            "tags": {
              "Name": "apps-b",
              "environment": "dev"
            },
            "timeouts": null,
            "vpc_id": "vpc-08b57cf330563acac"
          },
          "private": "eyJlMmJmYjczMC1lY2FhLTExZTYtOGY4OC0zNDM2M2JjN2M0YzAiOnsiY3JlYXRlIjo2MDAwMDAwMDAwMDAsImRlbGV0ZSI6MTIwMDAwMDAwMDAwMH0sInNjaGVtYV92ZXJzaW9uIjoiMSJ9",
          "depends_on": [
            "aws_vpc.main"
          ]
        }
      ]
    },
    {
      "mode": "managed",
      "type": "aws_subnet",
      "name": "apps-c",
      "provider": "provider.aws",
      "instances": [
        {
          "schema_version": 1,
          "attributes": {
            "arn": "arn:aws:ec2:eu-west-1:161526710706:subnet/subnet-0a6a2001dfa542747",
            "assign_ipv6_address_on_creation": false,
            "availability_zone": "eu-west-1c",
            "availability_zone_id": "euw1-az1",
            "cidr_block": "10.254.8.0/24",
            "id": "subnet-0a6a2001dfa542747",
            "ipv6_cidr_block": "",
            "ipv6_cidr_block_association_id": "",
            "map_public_ip_on_launch": false,
            "owner_id": "161526710706",
            "tags": {
              "Name": "apps-c",
              "environment": "dev"
            },
            "timeouts": null,
            "vpc_id": "vpc-08b57cf330563acac"
          },
          "private": "eyJlMmJmYjczMC1lY2FhLTExZTYtOGY4OC0zNDM2M2JjN2M0YzAiOnsiY3JlYXRlIjo2MDAwMDAwMDAwMDAsImRlbGV0ZSI6MTIwMDAwMDAwMDAwMH0sInNjaGVtYV92ZXJzaW9uIjoiMSJ9",
          "depends_on": [
            "aws_vpc.main"
          ]
        }
      ]
    },
    {
      "mode": "managed",
      "type": "aws_subnet",
      "name": "data-a",
      "provider": "provider.aws",
      "instances": [
        {
          "schema_version": 1,
          "attributes": {
            "arn": "arn:aws:ec2:eu-west-1:161526710706:subnet/subnet-0820f5d58333a7cc7",
            "assign_ipv6_address_on_creation": false,
            "availability_zone": "eu-west-1a",
            "availability_zone_id": "euw1-az2",
            "cidr_block": "10.254.3.0/24",
            "id": "subnet-0820f5d58333a7cc7",
            "ipv6_cidr_block": "",
            "ipv6_cidr_block_association_id": "",
            "map_public_ip_on_launch": false,
            "owner_id": "161526710706",
            "tags": {
              "Name": "data-a",
              "environment": "dev"
            },
            "timeouts": null,
            "vpc_id": "vpc-08b57cf330563acac"
          },
          "private": "eyJlMmJmYjczMC1lY2FhLTExZTYtOGY4OC0zNDM2M2JjN2M0YzAiOnsiY3JlYXRlIjo2MDAwMDAwMDAwMDAsImRlbGV0ZSI6MTIwMDAwMDAwMDAwMH0sInNjaGVtYV92ZXJzaW9uIjoiMSJ9",
          "depends_on": [
            "aws_vpc.main"
          ]
        }
      ]
    },
    {
      "mode": "managed",
      "type": "aws_subnet",
      "name": "data-b",
      "provider": "provider.aws",
      "instances": [
        {
          "schema_version": 1,
          "attributes": {
            "arn": "arn:aws:ec2:eu-west-1:161526710706:subnet/subnet-0fa248a4c9dda1f19",
            "assign_ipv6_address_on_creation": false,
            "availability_zone": "eu-west-1b",
            "availability_zone_id": "euw1-az3",
            "cidr_block": "10.254.4.0/24",
            "id": "subnet-0fa248a4c9dda1f19",
            "ipv6_cidr_block": "",
            "ipv6_cidr_block_association_id": "",
            "map_public_ip_on_launch": false,
            "owner_id": "161526710706",
            "tags": {
              "Name": "data-b",
              "environment": "dev"
            },
            "timeouts": null,
            "vpc_id": "vpc-08b57cf330563acac"
          },
          "private": "eyJlMmJmYjczMC1lY2FhLTExZTYtOGY4OC0zNDM2M2JjN2M0YzAiOnsiY3JlYXRlIjo2MDAwMDAwMDAwMDAsImRlbGV0ZSI6MTIwMDAwMDAwMDAwMH0sInNjaGVtYV92ZXJzaW9uIjoiMSJ9",
          "depends_on": [
            "aws_vpc.main"
          ]
        }
      ]
    },
    {
      "mode": "managed",
      "type": "aws_subnet",
      "name": "data-c",
      "provider": "provider.aws",
      "instances": [
        {
          "schema_version": 1,
          "attributes": {
            "arn": "arn:aws:ec2:eu-west-1:161526710706:subnet/subnet-00b0e6716b02ea46b",
            "assign_ipv6_address_on_creation": false,
            "availability_zone": "eu-west-1c",
            "availability_zone_id": "euw1-az1",
            "cidr_block": "10.254.5.0/24",
            "id": "subnet-00b0e6716b02ea46b",
            "ipv6_cidr_block": "",
            "ipv6_cidr_block_association_id": "",
            "map_public_ip_on_launch": false,
            "owner_id": "161526710706",
            "tags": {
              "Name": "data-c",
              "environment": "dev"
            },
            "timeouts": null,
            "vpc_id": "vpc-08b57cf330563acac"
          },
          "private": "eyJlMmJmYjczMC1lY2FhLTExZTYtOGY4OC0zNDM2M2JjN2M0YzAiOnsiY3JlYXRlIjo2MDAwMDAwMDAwMDAsImRlbGV0ZSI6MTIwMDAwMDAwMDAwMH0sInNjaGVtYV92ZXJzaW9uIjoiMSJ9",
          "depends_on": [
            "aws_vpc.main"
          ]
        }
      ]
    },
    {
      "mode": "managed",
      "type": "aws_subnet",
      "name": "lb-a",
      "provider": "provider.aws",
      "instances": [
        {
          "schema_version": 1,
          "attributes": {
            "arn": "arn:aws:ec2:eu-west-1:161526710706:subnet/subnet-0d8c8794cbdfd2407",
            "assign_ipv6_address_on_creation": false,
            "availability_zone": "eu-west-1a",
            "availability_zone_id": "euw1-az2",
            "cidr_block": "10.254.0.0/24",
            "id": "subnet-0d8c8794cbdfd2407",
            "ipv6_cidr_block": "",
            "ipv6_cidr_block_association_id": "",
            "map_public_ip_on_launch": false,
            "owner_id": "161526710706",
            "tags": {
              "Name": "lb-a",
              "environment": "dev"
            },
            "timeouts": null,
            "vpc_id": "vpc-08b57cf330563acac"
          },
          "private": "eyJlMmJmYjczMC1lY2FhLTExZTYtOGY4OC0zNDM2M2JjN2M0YzAiOnsiY3JlYXRlIjo2MDAwMDAwMDAwMDAsImRlbGV0ZSI6MTIwMDAwMDAwMDAwMH0sInNjaGVtYV92ZXJzaW9uIjoiMSJ9",
          "depends_on": [
            "aws_vpc.main"
          ]
        }
      ]
    },
    {
      "mode": "managed",
      "type": "aws_subnet",
      "name": "lb-b",
      "provider": "provider.aws",
      "instances": [
        {
          "schema_version": 1,
          "attributes": {
            "arn": "arn:aws:ec2:eu-west-1:161526710706:subnet/subnet-04f96bfa95db00990",
            "assign_ipv6_address_on_creation": false,
            "availability_zone": "eu-west-1b",
            "availability_zone_id": "euw1-az3",
            "cidr_block": "10.254.1.0/24",
            "id": "subnet-04f96bfa95db00990",
            "ipv6_cidr_block": "",
            "ipv6_cidr_block_association_id": "",
            "map_public_ip_on_launch": false,
            "owner_id": "161526710706",
            "tags": {
              "Name": "lb-b",
              "environment": "dev"
            },
            "timeouts": null,
            "vpc_id": "vpc-08b57cf330563acac"
          },
          "private": "eyJlMmJmYjczMC1lY2FhLTExZTYtOGY4OC0zNDM2M2JjN2M0YzAiOnsiY3JlYXRlIjo2MDAwMDAwMDAwMDAsImRlbGV0ZSI6MTIwMDAwMDAwMDAwMH0sInNjaGVtYV92ZXJzaW9uIjoiMSJ9",
          "depends_on": [
            "aws_vpc.main"
          ]
        }
      ]
    },
    {
      "mode": "managed",
      "type": "aws_subnet",
      "name": "lb-c",
      "provider": "provider.aws",
      "instances": [
        {
          "schema_version": 1,
          "attributes": {
            "arn": "arn:aws:ec2:eu-west-1:161526710706:subnet/subnet-0b1f6c4751762758e",
            "assign_ipv6_address_on_creation": false,
            "availability_zone": "eu-west-1c",
            "availability_zone_id": "euw1-az1",
            "cidr_block": "10.254.2.0/24",
            "id": "subnet-0b1f6c4751762758e",
            "ipv6_cidr_block": "",
            "ipv6_cidr_block_association_id": "",
            "map_public_ip_on_launch": false,
            "owner_id": "161526710706",
            "tags": {
              "Name": "lb-c",
              "environment": "dev"
            },
            "timeouts": null,
            "vpc_id": "vpc-08b57cf330563acac"
          },
          "private": "eyJlMmJmYjczMC1lY2FhLTExZTYtOGY4OC0zNDM2M2JjN2M0YzAiOnsiY3JlYXRlIjo2MDAwMDAwMDAwMDAsImRlbGV0ZSI6MTIwMDAwMDAwMDAwMH0sInNjaGVtYV92ZXJzaW9uIjoiMSJ9",
          "depends_on": [
            "aws_vpc.main"
          ]
        }
      ]
    },
    {
      "mode": "managed",
      "type": "aws_subnet",
      "name": "nat-a",
      "provider": "provider.aws",
      "instances": [
        {
          "schema_version": 1,
          "attributes": {
            "arn": "arn:aws:ec2:eu-west-1:161526710706:subnet/subnet-05a12b14a774f5585",
            "assign_ipv6_address_on_creation": false,
            "availability_zone": "eu-west-1a",
            "availability_zone_id": "euw1-az2",
            "cidr_block": "10.254.9.0/24",
            "id": "subnet-05a12b14a774f5585",
            "ipv6_cidr_block": "",
            "ipv6_cidr_block_association_id": "",
            "map_public_ip_on_launch": false,
            "owner_id": "161526710706",
            "tags": {
              "Name": "nat-a",
              "environment": "dev"
            },
            "timeouts": null,
            "vpc_id": "vpc-08b57cf330563acac"
          },
          "private": "eyJlMmJmYjczMC1lY2FhLTExZTYtOGY4OC0zNDM2M2JjN2M0YzAiOnsiY3JlYXRlIjo2MDAwMDAwMDAwMDAsImRlbGV0ZSI6MTIwMDAwMDAwMDAwMH0sInNjaGVtYV92ZXJzaW9uIjoiMSJ9",
          "depends_on": [
            "aws_vpc.main"
          ]
        }
      ]
    },
    {
      "mode": "managed",
      "type": "aws_subnet",
      "name": "nat-b",
      "provider": "provider.aws",
      "instances": [
        {
          "schema_version": 1,
          "attributes": {
            "arn": "arn:aws:ec2:eu-west-1:161526710706:subnet/subnet-0b51e9fe7dfa50b38",
            "assign_ipv6_address_on_creation": false,
            "availability_zone": "eu-west-1b",
            "availability_zone_id": "euw1-az3",
            "cidr_block": "10.254.10.0/24",
            "id": "subnet-0b51e9fe7dfa50b38",
            "ipv6_cidr_block": "",
            "ipv6_cidr_block_association_id": "",
            "map_public_ip_on_launch": false,
            "owner_id": "161526710706",
            "tags": {
              "Name": "nat-b",
              "environment": "dev"
            },
            "timeouts": null,
            "vpc_id": "vpc-08b57cf330563acac"
          },
          "private": "eyJlMmJmYjczMC1lY2FhLTExZTYtOGY4OC0zNDM2M2JjN2M0YzAiOnsiY3JlYXRlIjo2MDAwMDAwMDAwMDAsImRlbGV0ZSI6MTIwMDAwMDAwMDAwMH0sInNjaGVtYV92ZXJzaW9uIjoiMSJ9",
          "depends_on": [
            "aws_vpc.main"
          ]
        }
      ]
    },
    {
      "mode": "managed",
      "type": "aws_subnet",
      "name": "nat-c",
      "provider": "provider.aws",
      "instances": [
        {
          "schema_version": 1,
          "attributes": {
            "arn": "arn:aws:ec2:eu-west-1:161526710706:subnet/subnet-0cd554a4a51b922bc",
            "assign_ipv6_address_on_creation": false,
            "availability_zone": "eu-west-1c",
            "availability_zone_id": "euw1-az1",
            "cidr_block": "10.254.11.0/24",
            "id": "subnet-0cd554a4a51b922bc",
            "ipv6_cidr_block": "",
            "ipv6_cidr_block_association_id": "",
            "map_public_ip_on_launch": false,
            "owner_id": "161526710706",
            "tags": {
              "Name": "nat-c",
              "environment": "dev"
            },
            "timeouts": null,
            "vpc_id": "vpc-08b57cf330563acac"
          },
          "private": "eyJlMmJmYjczMC1lY2FhLTExZTYtOGY4OC0zNDM2M2JjN2M0YzAiOnsiY3JlYXRlIjo2MDAwMDAwMDAwMDAsImRlbGV0ZSI6MTIwMDAwMDAwMDAwMH0sInNjaGVtYV92ZXJzaW9uIjoiMSJ9",
          "depends_on": [
            "aws_vpc.main"
          ]
        }
      ]
    },
    {
      "mode": "managed",
      "type": "aws_vpc",
      "name": "main",
      "provider": "provider.aws",
      "instances": [
        {
          "schema_version": 1,
          "attributes": {
            "arn": "arn:aws:ec2:eu-west-1:161526710706:vpc/vpc-08b57cf330563acac",
            "assign_generated_ipv6_cidr_block": false,
            "cidr_block": "10.254.0.0/16",
            "default_network_acl_id": "acl-072d57419fb51baa7",
            "default_route_table_id": "rtb-03d78781ad340d89c",
            "default_security_group_id": "sg-032457c7f8608d7ec",
            "dhcp_options_id": "dopt-80431ce6",
            "enable_classiclink": false,
            "enable_classiclink_dns_support": false,
            "enable_dns_hostnames": true,
            "enable_dns_support": true,
            "id": "vpc-08b57cf330563acac",
            "instance_tenancy": "default",
            "ipv6_association_id": "",
            "ipv6_cidr_block": "",
            "main_route_table_id": "rtb-03d78781ad340d89c",
            "owner_id": "161526710706",
            "tags": {
              "Name": "main",
              "environment": "dev"
            }
          },
          "private": "eyJzY2hlbWFfdmVyc2lvbiI6IjEifQ=="
        }
      ]
    },
    {
      "mode": "managed",
      "type": "random_integer",
      "name": "app-target-group-id",
      "provider": "provider.random",
      "instances": [
        {
          "schema_version": 0,
          "attributes": {
            "id": "85",
            "keepers": {
              "port": "80",
              "protocol": "HTTP",
              "vpc_id": "vpc-08b57cf330563acac"
            },
            "max": 999,
            "min": 1,
            "result": 85,
            "seed": null
          },
          "private": "bnVsbA==",
          "depends_on": [
            "aws_vpc.main"
          ]
        }
      ]
    }
  ]
}
